// !$*UTF8*$!
{
	archiveVersion = 1;
	classes = {
	};
	objectVersion = 46;
	objects = {

/* Begin PBXBuildFile section */
		12300C461C68DA6000F1862A /* MapsPreludeController.swift in Sources */ = {isa = PBXBuildFile; fileRef = 12300C451C68DA6000F1862A /* MapsPreludeController.swift */; };
		1243C71B1C63A9B300ED236E /* AppDelegate.swift in Sources */ = {isa = PBXBuildFile; fileRef = 1243C71A1C63A9B300ED236E /* AppDelegate.swift */; };
		1243C71D1C63A9B300ED236E /* HomepageViewController.swift in Sources */ = {isa = PBXBuildFile; fileRef = 1243C71C1C63A9B300ED236E /* HomepageViewController.swift */; };
		1243C71F1C63A9B300ED236E /* ProgramViewController.swift in Sources */ = {isa = PBXBuildFile; fileRef = 1243C71E1C63A9B300ED236E /* ProgramViewController.swift */; };
		1243C7221C63A9B300ED236E /* Main.storyboard in Resources */ = {isa = PBXBuildFile; fileRef = 1243C7201C63A9B300ED236E /* Main.storyboard */; };
		1243C7241C63A9B300ED236E /* Assets.xcassets in Resources */ = {isa = PBXBuildFile; fileRef = 1243C7231C63A9B300ED236E /* Assets.xcassets */; };
		1243C7271C63A9B300ED236E /* LaunchScreen.storyboard in Resources */ = {isa = PBXBuildFile; fileRef = 1243C7251C63A9B300ED236E /* LaunchScreen.storyboard */; };
		1243C7321C63A9B300ED236E /* ConferenciaTests.swift in Sources */ = {isa = PBXBuildFile; fileRef = 1243C7311C63A9B300ED236E /* ConferenciaTests.swift */; };
		1243C73D1C63A9B300ED236E /* ConferenciaUITests.swift in Sources */ = {isa = PBXBuildFile; fileRef = 1243C73C1C63A9B300ED236E /* ConferenciaUITests.swift */; };
		125A9E4D1C64B43000FE1461 /* images in Resources */ = {isa = PBXBuildFile; fileRef = 125A9E4C1C64B43000FE1461 /* images */; };
		12A8B41A1C8379F000FABC09 /* Alamofire.framework in Frameworks */ = {isa = PBXBuildFile; fileRef = 12A8B4071C83793500FABC09 /* Alamofire.framework */; };
		12A8B41B1C8379F000FABC09 /* Alamofire.framework in Embed Frameworks */ = {isa = PBXBuildFile; fileRef = 12A8B4071C83793500FABC09 /* Alamofire.framework */; settings = {ATTRIBUTES = (CodeSignOnCopy, RemoveHeadersOnCopy, ); }; };
		12A8B4491C837A5000FABC09 /* SQLite.framework in Frameworks */ = {isa = PBXBuildFile; fileRef = 12A8B43E1C837A3900FABC09 /* SQLite.framework */; };
		12A8B44A1C837A5000FABC09 /* SQLite.framework in Embed Frameworks */ = {isa = PBXBuildFile; fileRef = 12A8B43E1C837A3900FABC09 /* SQLite.framework */; settings = {ATTRIBUTES = (CodeSignOnCopy, RemoveHeadersOnCopy, ); }; };
		12A8B4651C837A9900FABC09 /* SwiftyJSON.framework in Frameworks */ = {isa = PBXBuildFile; fileRef = 12A8B4581C837A8E00FABC09 /* SwiftyJSON.framework */; };
		12A8B4661C837A9900FABC09 /* SwiftyJSON.framework in Embed Frameworks */ = {isa = PBXBuildFile; fileRef = 12A8B4581C837A8E00FABC09 /* SwiftyJSON.framework */; settings = {ATTRIBUTES = (CodeSignOnCopy, RemoveHeadersOnCopy, ); }; };
		12B1EBD61C64E10500E0723E /* GeneralInformationViewController.swift in Sources */ = {isa = PBXBuildFile; fileRef = 12B1EBD51C64E10500E0723E /* GeneralInformationViewController.swift */; };
		12B1EBD81C64E12900E0723E /* MapsViewController.swift in Sources */ = {isa = PBXBuildFile; fileRef = 12B1EBD71C64E12900E0723E /* MapsViewController.swift */; };
		12B1EBDA1C64E28E00E0723E /* NSDateExtension.swift in Sources */ = {isa = PBXBuildFile; fileRef = 12B1EBD91C64E28E00E0723E /* NSDateExtension.swift */; };
		12B1EBE21C650D0700E0723E /* MapKit.framework in Frameworks */ = {isa = PBXBuildFile; fileRef = 12B1EBE11C650D0700E0723E /* MapKit.framework */; settings = {ATTRIBUTES = (Required, ); }; };
		12B1EBE41C650D2100E0723E /* CoreLocation.framework in Frameworks */ = {isa = PBXBuildFile; fileRef = 12B1EBE31C650D2100E0723E /* CoreLocation.framework */; };
		12D35F7C1C88AEE000B8F56D /* AffiliationDataHelper.swift in Sources */ = {isa = PBXBuildFile; fileRef = 12D35F6E1C88AEE000B8F56D /* AffiliationDataHelper.swift */; };
		12D35F7D1C88AEE000B8F56D /* AuthorDataHelper.swift in Sources */ = {isa = PBXBuildFile; fileRef = 12D35F6F1C88AEE000B8F56D /* AuthorDataHelper.swift */; };
		12D35F7E1C88AEE000B8F56D /* ClusterDataHelper.swift in Sources */ = {isa = PBXBuildFile; fileRef = 12D35F701C88AEE000B8F56D /* ClusterDataHelper.swift */; };
		12D35F7F1C88AEE000B8F56D /* ComeFromDataHelper.swift in Sources */ = {isa = PBXBuildFile; fileRef = 12D35F711C88AEE000B8F56D /* ComeFromDataHelper.swift */; };
		12D35F801C88AEE000B8F56D /* ConferenceDataHelper.swift in Sources */ = {isa = PBXBuildFile; fileRef = 12D35F721C88AEE000B8F56D /* ConferenceDataHelper.swift */; };
		12D35F811C88AEE000B8F56D /* ConnectionLayer.swift in Sources */ = {isa = PBXBuildFile; fileRef = 12D35F731C88AEE000B8F56D /* ConnectionLayer.swift */; };
		12D35F821C88AEE000B8F56D /* DataHelperProtocol.swift in Sources */ = {isa = PBXBuildFile; fileRef = 12D35F741C88AEE000B8F56D /* DataHelperProtocol.swift */; };
		12D35F831C88AEE000B8F56D /* DocDataHelper.swift in Sources */ = {isa = PBXBuildFile; fileRef = 12D35F751C88AEE000B8F56D /* DocDataHelper.swift */; };
		12D35F841C88AEE000B8F56D /* EventDataHelper.swift in Sources */ = {isa = PBXBuildFile; fileRef = 12D35F761C88AEE000B8F56D /* EventDataHelper.swift */; };
		12D35F851C88AEE000B8F56D /* LocatedDataHelper.swift in Sources */ = {isa = PBXBuildFile; fileRef = 12D35F771C88AEE000B8F56D /* LocatedDataHelper.swift */; };
		12D35F861C88AEE000B8F56D /* LocationDataHelper.swift in Sources */ = {isa = PBXBuildFile; fileRef = 12D35F781C88AEE000B8F56D /* LocationDataHelper.swift */; };
		12D35F871C88AEE000B8F56D /* ModelLayer.swift in Sources */ = {isa = PBXBuildFile; fileRef = 12D35F791C88AEE000B8F56D /* ModelLayer.swift */; };
		12D35F881C88AEE000B8F56D /* RoomDataHelper.swift in Sources */ = {isa = PBXBuildFile; fileRef = 12D35F7A1C88AEE000B8F56D /* RoomDataHelper.swift */; };
		12D35F891C88AEE000B8F56D /* SetDataManager.swift in Sources */ = {isa = PBXBuildFile; fileRef = 12D35F7B1C88AEE000B8F56D /* SetDataManager.swift */; };
		12D35F8B1C88AEEB00B8F56D /* ConferenceDB.sqlite in Resources */ = {isa = PBXBuildFile; fileRef = 12D35F8A1C88AEEB00B8F56D /* ConferenceDB.sqlite */; };
/* End PBXBuildFile section */

/* Begin PBXContainerItemProxy section */
		1243C72E1C63A9B300ED236E /* PBXContainerItemProxy */ = {
			isa = PBXContainerItemProxy;
			containerPortal = 1243C70F1C63A9B300ED236E /* Project object */;
			proxyType = 1;
			remoteGlobalIDString = 1243C7161C63A9B300ED236E;
			remoteInfo = Conferencia;
		};
		1243C7391C63A9B300ED236E /* PBXContainerItemProxy */ = {
			isa = PBXContainerItemProxy;
			containerPortal = 1243C70F1C63A9B300ED236E /* Project object */;
			proxyType = 1;
			remoteGlobalIDString = 1243C7161C63A9B300ED236E;
			remoteInfo = Conferencia;
		};
		12A8B4061C83793500FABC09 /* PBXContainerItemProxy */ = {
			isa = PBXContainerItemProxy;
			containerPortal = 12A8B3FC1C83793500FABC09 /* Alamofire.xcodeproj */;
			proxyType = 2;
			remoteGlobalIDString = F8111E3319A95C8B0040E7D1;
			remoteInfo = "Alamofire iOS";
		};
		12A8B4081C83793500FABC09 /* PBXContainerItemProxy */ = {
			isa = PBXContainerItemProxy;
			containerPortal = 12A8B3FC1C83793500FABC09 /* Alamofire.xcodeproj */;
			proxyType = 2;
			remoteGlobalIDString = F8111E3E19A95C8B0040E7D1;
			remoteInfo = "Alamofire iOS Tests";
		};
		12A8B40A1C83793500FABC09 /* PBXContainerItemProxy */ = {
			isa = PBXContainerItemProxy;
			containerPortal = 12A8B3FC1C83793500FABC09 /* Alamofire.xcodeproj */;
			proxyType = 2;
			remoteGlobalIDString = 4DD67C0B1A5C55C900ED2280;
			remoteInfo = "Alamofire OSX";
		};
		12A8B40C1C83793500FABC09 /* PBXContainerItemProxy */ = {
			isa = PBXContainerItemProxy;
			containerPortal = 12A8B3FC1C83793500FABC09 /* Alamofire.xcodeproj */;
			proxyType = 2;
			remoteGlobalIDString = F829C6B21A7A94F100A2CD59;
			remoteInfo = "Alamofire OSX Tests";
		};
		12A8B40E1C83793500FABC09 /* PBXContainerItemProxy */ = {
			isa = PBXContainerItemProxy;
			containerPortal = 12A8B3FC1C83793500FABC09 /* Alamofire.xcodeproj */;
			proxyType = 2;
			remoteGlobalIDString = 4CF626EF1BA7CB3E0011A099;
			remoteInfo = "Alamofire tvOS";
		};
		12A8B4101C83793500FABC09 /* PBXContainerItemProxy */ = {
			isa = PBXContainerItemProxy;
			containerPortal = 12A8B3FC1C83793500FABC09 /* Alamofire.xcodeproj */;
			proxyType = 2;
			remoteGlobalIDString = 4CF626F81BA7CB3E0011A099;
			remoteInfo = "Alamofire tvOS Tests";
		};
		12A8B4121C83793500FABC09 /* PBXContainerItemProxy */ = {
			isa = PBXContainerItemProxy;
			containerPortal = 12A8B3FC1C83793500FABC09 /* Alamofire.xcodeproj */;
			proxyType = 2;
			remoteGlobalIDString = E4202FE01B667AA100C997FB;
			remoteInfo = "Alamofire watchOS";
		};
		12A8B41C1C8379F000FABC09 /* PBXContainerItemProxy */ = {
			isa = PBXContainerItemProxy;
			containerPortal = 12A8B3FC1C83793500FABC09 /* Alamofire.xcodeproj */;
			proxyType = 1;
			remoteGlobalIDString = F8111E3219A95C8B0040E7D1;
			remoteInfo = "Alamofire iOS";
		};
		12A8B43D1C837A3900FABC09 /* PBXContainerItemProxy */ = {
			isa = PBXContainerItemProxy;
			containerPortal = 12A8B4341C837A3900FABC09 /* SQLite.xcodeproj */;
			proxyType = 2;
			remoteGlobalIDString = EE247AD31C3F04ED00AE3E12;
			remoteInfo = "SQLite iOS";
		};
		12A8B43F1C837A3900FABC09 /* PBXContainerItemProxy */ = {
			isa = PBXContainerItemProxy;
			containerPortal = 12A8B4341C837A3900FABC09 /* SQLite.xcodeproj */;
			proxyType = 2;
			remoteGlobalIDString = EE247ADD1C3F04ED00AE3E12;
			remoteInfo = "SQLiteTests iOS";
		};
		12A8B4411C837A3900FABC09 /* PBXContainerItemProxy */ = {
			isa = PBXContainerItemProxy;
			containerPortal = 12A8B4341C837A3900FABC09 /* SQLite.xcodeproj */;
			proxyType = 2;
			remoteGlobalIDString = EE247B3C1C3F3ED000AE3E12;
			remoteInfo = "SQLite Mac";
		};
		12A8B4431C837A3900FABC09 /* PBXContainerItemProxy */ = {
			isa = PBXContainerItemProxy;
			containerPortal = 12A8B4341C837A3900FABC09 /* SQLite.xcodeproj */;
			proxyType = 2;
			remoteGlobalIDString = EE247B451C3F3ED000AE3E12;
			remoteInfo = "SQLiteTests Mac";
		};
		12A8B4451C837A3900FABC09 /* PBXContainerItemProxy */ = {
			isa = PBXContainerItemProxy;
			containerPortal = 12A8B4341C837A3900FABC09 /* SQLite.xcodeproj */;
			proxyType = 2;
			remoteGlobalIDString = 03A65E5A1C6BB0F50062603F;
			remoteInfo = "SQLite tvOS";
		};
		12A8B4471C837A3900FABC09 /* PBXContainerItemProxy */ = {
			isa = PBXContainerItemProxy;
			containerPortal = 12A8B4341C837A3900FABC09 /* SQLite.xcodeproj */;
			proxyType = 2;
			remoteGlobalIDString = 03A65E631C6BB0F60062603F;
			remoteInfo = "SQLiteTests tvOS";
		};
		12A8B44B1C837A5000FABC09 /* PBXContainerItemProxy */ = {
			isa = PBXContainerItemProxy;
			containerPortal = 12A8B4341C837A3900FABC09 /* SQLite.xcodeproj */;
			proxyType = 1;
			remoteGlobalIDString = EE247AD21C3F04ED00AE3E12;
			remoteInfo = "SQLite iOS";
		};
		12A8B4571C837A8E00FABC09 /* PBXContainerItemProxy */ = {
			isa = PBXContainerItemProxy;
			containerPortal = 12A8B44D1C837A8E00FABC09 /* SwiftyJSON.xcodeproj */;
			proxyType = 2;
			remoteGlobalIDString = 2E4FEFDB19575BE100351305;
			remoteInfo = "SwiftyJSON iOS";
		};
		12A8B4591C837A8E00FABC09 /* PBXContainerItemProxy */ = {
			isa = PBXContainerItemProxy;
			containerPortal = 12A8B44D1C837A8E00FABC09 /* SwiftyJSON.xcodeproj */;
			proxyType = 2;
			remoteGlobalIDString = 2E4FEFE619575BE100351305;
			remoteInfo = "SwiftyJSON iOS Tests";
		};
		12A8B45B1C837A8E00FABC09 /* PBXContainerItemProxy */ = {
			isa = PBXContainerItemProxy;
			containerPortal = 12A8B44D1C837A8E00FABC09 /* SwiftyJSON.xcodeproj */;
			proxyType = 2;
			remoteGlobalIDString = 9C7DFC5B1A9102BD005AA3F7;
			remoteInfo = "SwiftyJSON OSX";
		};
		12A8B45D1C837A8E00FABC09 /* PBXContainerItemProxy */ = {
			isa = PBXContainerItemProxy;
			containerPortal = 12A8B44D1C837A8E00FABC09 /* SwiftyJSON.xcodeproj */;
			proxyType = 2;
			remoteGlobalIDString = 9C7DFC651A9102BD005AA3F7;
			remoteInfo = "SwiftyJSON OSX Tests";
		};
		12A8B45F1C837A8E00FABC09 /* PBXContainerItemProxy */ = {
			isa = PBXContainerItemProxy;
			containerPortal = 12A8B44D1C837A8E00FABC09 /* SwiftyJSON.xcodeproj */;
			proxyType = 2;
			remoteGlobalIDString = E4D7CCE81B9465A700EE7221;
			remoteInfo = "SwiftyJSON watchOS";
		};
		12A8B4611C837A8E00FABC09 /* PBXContainerItemProxy */ = {
			isa = PBXContainerItemProxy;
			containerPortal = 12A8B44D1C837A8E00FABC09 /* SwiftyJSON.xcodeproj */;
			proxyType = 2;
			remoteGlobalIDString = 7236B4F61BAC14150020529B;
			remoteInfo = "SwiftyJSON tvOS";
		};
		12A8B4631C837A8E00FABC09 /* PBXContainerItemProxy */ = {
			isa = PBXContainerItemProxy;
			containerPortal = 12A8B44D1C837A8E00FABC09 /* SwiftyJSON.xcodeproj */;
			proxyType = 2;
			remoteGlobalIDString = A8580F741BCF5C5B00DA927B;
			remoteInfo = "SwiftyJSON tvOS Tests";
		};
		12A8B4671C837A9900FABC09 /* PBXContainerItemProxy */ = {
			isa = PBXContainerItemProxy;
			containerPortal = 12A8B44D1C837A8E00FABC09 /* SwiftyJSON.xcodeproj */;
			proxyType = 1;
			remoteGlobalIDString = 2E4FEFDA19575BE100351305;
			remoteInfo = "SwiftyJSON iOS";
		};
/* End PBXContainerItemProxy section */

/* Begin PBXCopyFilesBuildPhase section */
		12A8B41E1C8379F000FABC09 /* Embed Frameworks */ = {
			isa = PBXCopyFilesBuildPhase;
			buildActionMask = 2147483647;
			dstPath = "";
			dstSubfolderSpec = 10;
			files = (
				12A8B44A1C837A5000FABC09 /* SQLite.framework in Embed Frameworks */,
				12A8B41B1C8379F000FABC09 /* Alamofire.framework in Embed Frameworks */,
				12A8B4661C837A9900FABC09 /* SwiftyJSON.framework in Embed Frameworks */,
			);
			name = "Embed Frameworks";
			runOnlyForDeploymentPostprocessing = 0;
		};
/* End PBXCopyFilesBuildPhase section */

/* Begin PBXFileReference section */
		12300C451C68DA6000F1862A /* MapsPreludeController.swift */ = {isa = PBXFileReference; fileEncoding = 4; lastKnownFileType = sourcecode.swift; path = MapsPreludeController.swift; sourceTree = "<group>"; };
		1243C7171C63A9B300ED236E /* Conferencia.app */ = {isa = PBXFileReference; explicitFileType = wrapper.application; includeInIndex = 0; path = Conferencia.app; sourceTree = BUILT_PRODUCTS_DIR; };
		1243C71A1C63A9B300ED236E /* AppDelegate.swift */ = {isa = PBXFileReference; lastKnownFileType = sourcecode.swift; path = AppDelegate.swift; sourceTree = "<group>"; };
		1243C71C1C63A9B300ED236E /* HomepageViewController.swift */ = {isa = PBXFileReference; lastKnownFileType = sourcecode.swift; path = HomepageViewController.swift; sourceTree = "<group>"; };
		1243C71E1C63A9B300ED236E /* ProgramViewController.swift */ = {isa = PBXFileReference; lastKnownFileType = sourcecode.swift; path = ProgramViewController.swift; sourceTree = "<group>"; };
		1243C7211C63A9B300ED236E /* Base */ = {isa = PBXFileReference; lastKnownFileType = file.storyboard; name = Base; path = Base.lproj/Main.storyboard; sourceTree = "<group>"; };
		1243C7231C63A9B300ED236E /* Assets.xcassets */ = {isa = PBXFileReference; lastKnownFileType = folder.assetcatalog; path = Assets.xcassets; sourceTree = "<group>"; };
		1243C7261C63A9B300ED236E /* Base */ = {isa = PBXFileReference; lastKnownFileType = file.storyboard; name = Base; path = Base.lproj/LaunchScreen.storyboard; sourceTree = "<group>"; };
		1243C7281C63A9B300ED236E /* Info.plist */ = {isa = PBXFileReference; lastKnownFileType = text.plist.xml; path = Info.plist; sourceTree = "<group>"; };
		1243C72D1C63A9B300ED236E /* ConferenciaTests.xctest */ = {isa = PBXFileReference; explicitFileType = wrapper.cfbundle; includeInIndex = 0; path = ConferenciaTests.xctest; sourceTree = BUILT_PRODUCTS_DIR; };
		1243C7311C63A9B300ED236E /* ConferenciaTests.swift */ = {isa = PBXFileReference; lastKnownFileType = sourcecode.swift; path = ConferenciaTests.swift; sourceTree = "<group>"; };
		1243C7331C63A9B300ED236E /* Info.plist */ = {isa = PBXFileReference; lastKnownFileType = text.plist.xml; path = Info.plist; sourceTree = "<group>"; };
		1243C7381C63A9B300ED236E /* ConferenciaUITests.xctest */ = {isa = PBXFileReference; explicitFileType = wrapper.cfbundle; includeInIndex = 0; path = ConferenciaUITests.xctest; sourceTree = BUILT_PRODUCTS_DIR; };
		1243C73C1C63A9B300ED236E /* ConferenciaUITests.swift */ = {isa = PBXFileReference; lastKnownFileType = sourcecode.swift; path = ConferenciaUITests.swift; sourceTree = "<group>"; };
		1243C73E1C63A9B300ED236E /* Info.plist */ = {isa = PBXFileReference; lastKnownFileType = text.plist.xml; path = Info.plist; sourceTree = "<group>"; };
		125A9E4C1C64B43000FE1461 /* images */ = {isa = PBXFileReference; lastKnownFileType = folder; path = images; sourceTree = "<group>"; };
		12A8B3FC1C83793500FABC09 /* Alamofire.xcodeproj */ = {isa = PBXFileReference; lastKnownFileType = "wrapper.pb-project"; name = Alamofire.xcodeproj; path = Alamofire/Alamofire/Alamofire.xcodeproj; sourceTree = "<group>"; };
		12A8B4341C837A3900FABC09 /* SQLite.xcodeproj */ = {isa = PBXFileReference; lastKnownFileType = "wrapper.pb-project"; name = SQLite.xcodeproj; path = SQLite/SQLite.swift/SQLite.xcodeproj; sourceTree = "<group>"; };
		12A8B44D1C837A8E00FABC09 /* SwiftyJSON.xcodeproj */ = {isa = PBXFileReference; lastKnownFileType = "wrapper.pb-project"; name = SwiftyJSON.xcodeproj; path = SwiftyJSON/SwiftyJSON.xcodeproj; sourceTree = "<group>"; };
		12B1EBD51C64E10500E0723E /* GeneralInformationViewController.swift */ = {isa = PBXFileReference; fileEncoding = 4; lastKnownFileType = sourcecode.swift; path = GeneralInformationViewController.swift; sourceTree = "<group>"; };
		12B1EBD71C64E12900E0723E /* MapsViewController.swift */ = {isa = PBXFileReference; fileEncoding = 4; lastKnownFileType = sourcecode.swift; path = MapsViewController.swift; sourceTree = "<group>"; };
		12B1EBD91C64E28E00E0723E /* NSDateExtension.swift */ = {isa = PBXFileReference; fileEncoding = 4; lastKnownFileType = sourcecode.swift; path = NSDateExtension.swift; sourceTree = "<group>"; };
		12B1EBE11C650D0700E0723E /* MapKit.framework */ = {isa = PBXFileReference; lastKnownFileType = wrapper.framework; name = MapKit.framework; path = System/Library/Frameworks/MapKit.framework; sourceTree = SDKROOT; };
		12B1EBE31C650D2100E0723E /* CoreLocation.framework */ = {isa = PBXFileReference; lastKnownFileType = wrapper.framework; name = CoreLocation.framework; path = System/Library/Frameworks/CoreLocation.framework; sourceTree = SDKROOT; };
		12D35F6E1C88AEE000B8F56D /* AffiliationDataHelper.swift */ = {isa = PBXFileReference; fileEncoding = 4; lastKnownFileType = sourcecode.swift; path = AffiliationDataHelper.swift; sourceTree = "<group>"; };
		12D35F6F1C88AEE000B8F56D /* AuthorDataHelper.swift */ = {isa = PBXFileReference; fileEncoding = 4; lastKnownFileType = sourcecode.swift; path = AuthorDataHelper.swift; sourceTree = "<group>"; };
		12D35F701C88AEE000B8F56D /* ClusterDataHelper.swift */ = {isa = PBXFileReference; fileEncoding = 4; lastKnownFileType = sourcecode.swift; path = ClusterDataHelper.swift; sourceTree = "<group>"; };
		12D35F711C88AEE000B8F56D /* ComeFromDataHelper.swift */ = {isa = PBXFileReference; fileEncoding = 4; lastKnownFileType = sourcecode.swift; path = ComeFromDataHelper.swift; sourceTree = "<group>"; };
		12D35F721C88AEE000B8F56D /* ConferenceDataHelper.swift */ = {isa = PBXFileReference; fileEncoding = 4; lastKnownFileType = sourcecode.swift; path = ConferenceDataHelper.swift; sourceTree = "<group>"; };
		12D35F731C88AEE000B8F56D /* ConnectionLayer.swift */ = {isa = PBXFileReference; fileEncoding = 4; lastKnownFileType = sourcecode.swift; path = ConnectionLayer.swift; sourceTree = "<group>"; };
		12D35F741C88AEE000B8F56D /* DataHelperProtocol.swift */ = {isa = PBXFileReference; fileEncoding = 4; lastKnownFileType = sourcecode.swift; path = DataHelperProtocol.swift; sourceTree = "<group>"; };
		12D35F751C88AEE000B8F56D /* DocDataHelper.swift */ = {isa = PBXFileReference; fileEncoding = 4; lastKnownFileType = sourcecode.swift; path = DocDataHelper.swift; sourceTree = "<group>"; };
		12D35F761C88AEE000B8F56D /* EventDataHelper.swift */ = {isa = PBXFileReference; fileEncoding = 4; lastKnownFileType = sourcecode.swift; path = EventDataHelper.swift; sourceTree = "<group>"; };
		12D35F771C88AEE000B8F56D /* LocatedDataHelper.swift */ = {isa = PBXFileReference; fileEncoding = 4; lastKnownFileType = sourcecode.swift; path = LocatedDataHelper.swift; sourceTree = "<group>"; };
		12D35F781C88AEE000B8F56D /* LocationDataHelper.swift */ = {isa = PBXFileReference; fileEncoding = 4; lastKnownFileType = sourcecode.swift; path = LocationDataHelper.swift; sourceTree = "<group>"; };
		12D35F791C88AEE000B8F56D /* ModelLayer.swift */ = {isa = PBXFileReference; fileEncoding = 4; lastKnownFileType = sourcecode.swift; path = ModelLayer.swift; sourceTree = "<group>"; };
		12D35F7A1C88AEE000B8F56D /* RoomDataHelper.swift */ = {isa = PBXFileReference; fileEncoding = 4; lastKnownFileType = sourcecode.swift; path = RoomDataHelper.swift; sourceTree = "<group>"; };
		12D35F7B1C88AEE000B8F56D /* SetDataManager.swift */ = {isa = PBXFileReference; fileEncoding = 4; lastKnownFileType = sourcecode.swift; path = SetDataManager.swift; sourceTree = "<group>"; };
		12D35F8A1C88AEEB00B8F56D /* ConferenceDB.sqlite */ = {isa = PBXFileReference; fileEncoding = 4; lastKnownFileType = text; path = ConferenceDB.sqlite; sourceTree = "<group>"; };
/* End PBXFileReference section */

/* Begin PBXFrameworksBuildPhase section */
		1243C7141C63A9B300ED236E /* Frameworks */ = {
			isa = PBXFrameworksBuildPhase;
			buildActionMask = 2147483647;
			files = (
				12B1EBE41C650D2100E0723E /* CoreLocation.framework in Frameworks */,
				12A8B41A1C8379F000FABC09 /* Alamofire.framework in Frameworks */,
				12A8B4491C837A5000FABC09 /* SQLite.framework in Frameworks */,
				12B1EBE21C650D0700E0723E /* MapKit.framework in Frameworks */,
				12A8B4651C837A9900FABC09 /* SwiftyJSON.framework in Frameworks */,
			);
			runOnlyForDeploymentPostprocessing = 0;
		};
		1243C72A1C63A9B300ED236E /* Frameworks */ = {
			isa = PBXFrameworksBuildPhase;
			buildActionMask = 2147483647;
			files = (
			);
			runOnlyForDeploymentPostprocessing = 0;
		};
		1243C7351C63A9B300ED236E /* Frameworks */ = {
			isa = PBXFrameworksBuildPhase;
			buildActionMask = 2147483647;
			files = (
			);
			runOnlyForDeploymentPostprocessing = 0;
		};
/* End PBXFrameworksBuildPhase section */

/* Begin PBXGroup section */
		1243C70E1C63A9B300ED236E = {
			isa = PBXGroup;
			children = (
				12A8B44D1C837A8E00FABC09 /* SwiftyJSON.xcodeproj */,
				12A8B4341C837A3900FABC09 /* SQLite.xcodeproj */,
				12A8B3FC1C83793500FABC09 /* Alamofire.xcodeproj */,
				12B1EBE31C650D2100E0723E /* CoreLocation.framework */,
				12B1EBE11C650D0700E0723E /* MapKit.framework */,
				1243C7191C63A9B300ED236E /* Conferencia */,
				1243C7301C63A9B300ED236E /* ConferenciaTests */,
				1243C73B1C63A9B300ED236E /* ConferenciaUITests */,
				1243C7181C63A9B300ED236E /* Products */,
			);
			sourceTree = "<group>";
		};
		1243C7181C63A9B300ED236E /* Products */ = {
			isa = PBXGroup;
			children = (
				1243C7171C63A9B300ED236E /* Conferencia.app */,
				1243C72D1C63A9B300ED236E /* ConferenciaTests.xctest */,
				1243C7381C63A9B300ED236E /* ConferenciaUITests.xctest */,
			);
			name = Products;
			sourceTree = "<group>";
		};
		1243C7191C63A9B300ED236E /* Conferencia */ = {
			isa = PBXGroup;
			children = (
				12D35F6D1C88AE5700B8F56D /* DatabaseUsage */,
				1243C71A1C63A9B300ED236E /* AppDelegate.swift */,
				1243C71C1C63A9B300ED236E /* HomepageViewController.swift */,
				1243C71E1C63A9B300ED236E /* ProgramViewController.swift */,
				12B1EBD71C64E12900E0723E /* MapsViewController.swift */,
				1243C7201C63A9B300ED236E /* Main.storyboard */,
				12300C451C68DA6000F1862A /* MapsPreludeController.swift */,
				12B1EBD51C64E10500E0723E /* GeneralInformationViewController.swift */,
				125A9E4C1C64B43000FE1461 /* images */,
				1243C7231C63A9B300ED236E /* Assets.xcassets */,
				1243C7251C63A9B300ED236E /* LaunchScreen.storyboard */,
				1243C7281C63A9B300ED236E /* Info.plist */,
				12B1EBD91C64E28E00E0723E /* NSDateExtension.swift */,
			);
			path = Conferencia;
			sourceTree = "<group>";
		};
		1243C7301C63A9B300ED236E /* ConferenciaTests */ = {
			isa = PBXGroup;
			children = (
				1243C7311C63A9B300ED236E /* ConferenciaTests.swift */,
				1243C7331C63A9B300ED236E /* Info.plist */,
			);
			path = ConferenciaTests;
			sourceTree = "<group>";
		};
		1243C73B1C63A9B300ED236E /* ConferenciaUITests */ = {
			isa = PBXGroup;
			children = (
				1243C73C1C63A9B300ED236E /* ConferenciaUITests.swift */,
				1243C73E1C63A9B300ED236E /* Info.plist */,
			);
			path = ConferenciaUITests;
			sourceTree = "<group>";
		};
		12A8B3FD1C83793500FABC09 /* Products */ = {
			isa = PBXGroup;
			children = (
				12A8B4071C83793500FABC09 /* Alamofire.framework */,
				12A8B4091C83793500FABC09 /* Alamofire iOS Tests.xctest */,
				12A8B40B1C83793500FABC09 /* Alamofire.framework */,
				12A8B40D1C83793500FABC09 /* Alamofire OSX Tests.xctest */,
				12A8B40F1C83793500FABC09 /* Alamofire.framework */,
				12A8B4111C83793500FABC09 /* Alamofire tvOS Tests.xctest */,
				12A8B4131C83793500FABC09 /* Alamofire.framework */,
			);
			name = Products;
			sourceTree = "<group>";
		};
		12A8B4351C837A3900FABC09 /* Products */ = {
			isa = PBXGroup;
			children = (
				12A8B43E1C837A3900FABC09 /* SQLite.framework */,
				12A8B4401C837A3900FABC09 /* SQLiteTests iOS.xctest */,
				12A8B4421C837A3900FABC09 /* SQLite.framework */,
				12A8B4441C837A3900FABC09 /* SQLiteTests Mac.xctest */,
				12A8B4461C837A3900FABC09 /* SQLite.framework */,
				12A8B4481C837A3900FABC09 /* SQLiteTests tvOS.xctest */,
			);
			name = Products;
			sourceTree = "<group>";
		};
		12A8B44E1C837A8E00FABC09 /* Products */ = {
			isa = PBXGroup;
			children = (
				12A8B4581C837A8E00FABC09 /* SwiftyJSON.framework */,
				12A8B45A1C837A8E00FABC09 /* SwiftyJSON iOS Tests.xctest */,
				12A8B45C1C837A8E00FABC09 /* SwiftyJSON.framework */,
				12A8B45E1C837A8E00FABC09 /* SwiftyJSON OSX Tests.xctest */,
				12A8B4601C837A8E00FABC09 /* SwiftyJSON.framework */,
				12A8B4621C837A8E00FABC09 /* SwiftyJSON.framework */,
				12A8B4641C837A8E00FABC09 /* SwiftyJSON tvOS Tests.xctest */,
			);
			name = Products;
			sourceTree = "<group>";
		};
		12D35F6D1C88AE5700B8F56D /* DatabaseUsage */ = {
			isa = PBXGroup;
			children = (
				12D35F8A1C88AEEB00B8F56D /* ConferenceDB.sqlite */,
				12D35F6E1C88AEE000B8F56D /* AffiliationDataHelper.swift */,
				12D35F6F1C88AEE000B8F56D /* AuthorDataHelper.swift */,
				12D35F701C88AEE000B8F56D /* ClusterDataHelper.swift */,
				12D35F711C88AEE000B8F56D /* ComeFromDataHelper.swift */,
				12D35F721C88AEE000B8F56D /* ConferenceDataHelper.swift */,
				12D35F731C88AEE000B8F56D /* ConnectionLayer.swift */,
				12D35F741C88AEE000B8F56D /* DataHelperProtocol.swift */,
				12D35F751C88AEE000B8F56D /* DocDataHelper.swift */,
				12D35F761C88AEE000B8F56D /* EventDataHelper.swift */,
				12D35F771C88AEE000B8F56D /* LocatedDataHelper.swift */,
				12D35F781C88AEE000B8F56D /* LocationDataHelper.swift */,
				12D35F791C88AEE000B8F56D /* ModelLayer.swift */,
				12D35F7A1C88AEE000B8F56D /* RoomDataHelper.swift */,
				12D35F7B1C88AEE000B8F56D /* SetDataManager.swift */,
			);
			name = DatabaseUsage;
			sourceTree = "<group>";
		};
/* End PBXGroup section */

/* Begin PBXNativeTarget section */
		1243C7161C63A9B300ED236E /* Conferencia */ = {
			isa = PBXNativeTarget;
			buildConfigurationList = 1243C7411C63A9B300ED236E /* Build configuration list for PBXNativeTarget "Conferencia" */;
			buildPhases = (
				1243C7131C63A9B300ED236E /* Sources */,
				1243C7141C63A9B300ED236E /* Frameworks */,
				1243C7151C63A9B300ED236E /* Resources */,
				12A8B41E1C8379F000FABC09 /* Embed Frameworks */,
			);
			buildRules = (
			);
			dependencies = (
				12A8B41D1C8379F000FABC09 /* PBXTargetDependency */,
				12A8B44C1C837A5000FABC09 /* PBXTargetDependency */,
				12A8B4681C837A9900FABC09 /* PBXTargetDependency */,
			);
			name = Conferencia;
			productName = Conferencia;
			productReference = 1243C7171C63A9B300ED236E /* Conferencia.app */;
			productType = "com.apple.product-type.application";
		};
		1243C72C1C63A9B300ED236E /* ConferenciaTests */ = {
			isa = PBXNativeTarget;
			buildConfigurationList = 1243C7441C63A9B300ED236E /* Build configuration list for PBXNativeTarget "ConferenciaTests" */;
			buildPhases = (
				1243C7291C63A9B300ED236E /* Sources */,
				1243C72A1C63A9B300ED236E /* Frameworks */,
				1243C72B1C63A9B300ED236E /* Resources */,
			);
			buildRules = (
			);
			dependencies = (
				1243C72F1C63A9B300ED236E /* PBXTargetDependency */,
			);
			name = ConferenciaTests;
			productName = ConferenciaTests;
			productReference = 1243C72D1C63A9B300ED236E /* ConferenciaTests.xctest */;
			productType = "com.apple.product-type.bundle.unit-test";
		};
		1243C7371C63A9B300ED236E /* ConferenciaUITests */ = {
			isa = PBXNativeTarget;
			buildConfigurationList = 1243C7471C63A9B300ED236E /* Build configuration list for PBXNativeTarget "ConferenciaUITests" */;
			buildPhases = (
				1243C7341C63A9B300ED236E /* Sources */,
				1243C7351C63A9B300ED236E /* Frameworks */,
				1243C7361C63A9B300ED236E /* Resources */,
			);
			buildRules = (
			);
			dependencies = (
				1243C73A1C63A9B300ED236E /* PBXTargetDependency */,
			);
			name = ConferenciaUITests;
			productName = ConferenciaUITests;
			productReference = 1243C7381C63A9B300ED236E /* ConferenciaUITests.xctest */;
			productType = "com.apple.product-type.bundle.ui-testing";
		};
/* End PBXNativeTarget section */

/* Begin PBXProject section */
		1243C70F1C63A9B300ED236E /* Project object */ = {
			isa = PBXProject;
			attributes = {
				KnownAssetTags = (
					New,
				);
				LastSwiftUpdateCheck = 0720;
				LastUpgradeCheck = 0720;
				ORGANIZATIONNAME = achan;
				TargetAttributes = {
					1243C7161C63A9B300ED236E = {
						CreatedOnToolsVersion = 7.2;
						DevelopmentTeam = 97UGX6UGF3;
						SystemCapabilities = {
							com.apple.Maps.iOS = {
								enabled = 1;
							};
						};
					};
					1243C72C1C63A9B300ED236E = {
						CreatedOnToolsVersion = 7.2;
						DevelopmentTeam = 97UGX6UGF3;
						TestTargetID = 1243C7161C63A9B300ED236E;
					};
					1243C7371C63A9B300ED236E = {
						CreatedOnToolsVersion = 7.2;
						DevelopmentTeam = 97UGX6UGF3;
						TestTargetID = 1243C7161C63A9B300ED236E;
					};
				};
			};
			buildConfigurationList = 1243C7121C63A9B300ED236E /* Build configuration list for PBXProject "Conferencia" */;
			compatibilityVersion = "Xcode 3.2";
			developmentRegion = English;
			hasScannedForEncodings = 0;
			knownRegions = (
				en,
				Base,
			);
			mainGroup = 1243C70E1C63A9B300ED236E;
			productRefGroup = 1243C7181C63A9B300ED236E /* Products */;
			projectDirPath = "";
			projectReferences = (
				{
					ProductGroup = 12A8B3FD1C83793500FABC09 /* Products */;
					ProjectRef = 12A8B3FC1C83793500FABC09 /* Alamofire.xcodeproj */;
				},
				{
					ProductGroup = 12A8B4351C837A3900FABC09 /* Products */;
					ProjectRef = 12A8B4341C837A3900FABC09 /* SQLite.xcodeproj */;
				},
				{
					ProductGroup = 12A8B44E1C837A8E00FABC09 /* Products */;
					ProjectRef = 12A8B44D1C837A8E00FABC09 /* SwiftyJSON.xcodeproj */;
				},
			);
			projectRoot = "";
			targets = (
				1243C7161C63A9B300ED236E /* Conferencia */,
				1243C72C1C63A9B300ED236E /* ConferenciaTests */,
				1243C7371C63A9B300ED236E /* ConferenciaUITests */,
			);
		};
/* End PBXProject section */

/* Begin PBXReferenceProxy section */
		12A8B4071C83793500FABC09 /* Alamofire.framework */ = {
			isa = PBXReferenceProxy;
			fileType = wrapper.framework;
			path = Alamofire.framework;
			remoteRef = 12A8B4061C83793500FABC09 /* PBXContainerItemProxy */;
			sourceTree = BUILT_PRODUCTS_DIR;
		};
		12A8B4091C83793500FABC09 /* Alamofire iOS Tests.xctest */ = {
			isa = PBXReferenceProxy;
			fileType = wrapper.cfbundle;
			path = "Alamofire iOS Tests.xctest";
			remoteRef = 12A8B4081C83793500FABC09 /* PBXContainerItemProxy */;
			sourceTree = BUILT_PRODUCTS_DIR;
		};
		12A8B40B1C83793500FABC09 /* Alamofire.framework */ = {
			isa = PBXReferenceProxy;
			fileType = wrapper.framework;
			path = Alamofire.framework;
			remoteRef = 12A8B40A1C83793500FABC09 /* PBXContainerItemProxy */;
			sourceTree = BUILT_PRODUCTS_DIR;
		};
		12A8B40D1C83793500FABC09 /* Alamofire OSX Tests.xctest */ = {
			isa = PBXReferenceProxy;
			fileType = wrapper.cfbundle;
			path = "Alamofire OSX Tests.xctest";
			remoteRef = 12A8B40C1C83793500FABC09 /* PBXContainerItemProxy */;
			sourceTree = BUILT_PRODUCTS_DIR;
		};
		12A8B40F1C83793500FABC09 /* Alamofire.framework */ = {
			isa = PBXReferenceProxy;
			fileType = wrapper.framework;
			path = Alamofire.framework;
			remoteRef = 12A8B40E1C83793500FABC09 /* PBXContainerItemProxy */;
			sourceTree = BUILT_PRODUCTS_DIR;
		};
		12A8B4111C83793500FABC09 /* Alamofire tvOS Tests.xctest */ = {
			isa = PBXReferenceProxy;
			fileType = wrapper.cfbundle;
			path = "Alamofire tvOS Tests.xctest";
			remoteRef = 12A8B4101C83793500FABC09 /* PBXContainerItemProxy */;
			sourceTree = BUILT_PRODUCTS_DIR;
		};
		12A8B4131C83793500FABC09 /* Alamofire.framework */ = {
			isa = PBXReferenceProxy;
			fileType = wrapper.framework;
			path = Alamofire.framework;
			remoteRef = 12A8B4121C83793500FABC09 /* PBXContainerItemProxy */;
			sourceTree = BUILT_PRODUCTS_DIR;
		};
		12A8B43E1C837A3900FABC09 /* SQLite.framework */ = {
			isa = PBXReferenceProxy;
			fileType = wrapper.framework;
			path = SQLite.framework;
			remoteRef = 12A8B43D1C837A3900FABC09 /* PBXContainerItemProxy */;
			sourceTree = BUILT_PRODUCTS_DIR;
		};
		12A8B4401C837A3900FABC09 /* SQLiteTests iOS.xctest */ = {
			isa = PBXReferenceProxy;
			fileType = wrapper.cfbundle;
			path = "SQLiteTests iOS.xctest";
			remoteRef = 12A8B43F1C837A3900FABC09 /* PBXContainerItemProxy */;
			sourceTree = BUILT_PRODUCTS_DIR;
		};
		12A8B4421C837A3900FABC09 /* SQLite.framework */ = {
			isa = PBXReferenceProxy;
			fileType = wrapper.framework;
			path = SQLite.framework;
			remoteRef = 12A8B4411C837A3900FABC09 /* PBXContainerItemProxy */;
			sourceTree = BUILT_PRODUCTS_DIR;
		};
		12A8B4441C837A3900FABC09 /* SQLiteTests Mac.xctest */ = {
			isa = PBXReferenceProxy;
			fileType = wrapper.cfbundle;
			path = "SQLiteTests Mac.xctest";
			remoteRef = 12A8B4431C837A3900FABC09 /* PBXContainerItemProxy */;
			sourceTree = BUILT_PRODUCTS_DIR;
		};
		12A8B4461C837A3900FABC09 /* SQLite.framework */ = {
			isa = PBXReferenceProxy;
			fileType = wrapper.framework;
			path = SQLite.framework;
			remoteRef = 12A8B4451C837A3900FABC09 /* PBXContainerItemProxy */;
			sourceTree = BUILT_PRODUCTS_DIR;
		};
		12A8B4481C837A3900FABC09 /* SQLiteTests tvOS.xctest */ = {
			isa = PBXReferenceProxy;
			fileType = wrapper.cfbundle;
			path = "SQLiteTests tvOS.xctest";
			remoteRef = 12A8B4471C837A3900FABC09 /* PBXContainerItemProxy */;
			sourceTree = BUILT_PRODUCTS_DIR;
		};
		12A8B4581C837A8E00FABC09 /* SwiftyJSON.framework */ = {
			isa = PBXReferenceProxy;
			fileType = wrapper.framework;
			path = SwiftyJSON.framework;
			remoteRef = 12A8B4571C837A8E00FABC09 /* PBXContainerItemProxy */;
			sourceTree = BUILT_PRODUCTS_DIR;
		};
		12A8B45A1C837A8E00FABC09 /* SwiftyJSON iOS Tests.xctest */ = {
			isa = PBXReferenceProxy;
			fileType = wrapper.cfbundle;
			path = "SwiftyJSON iOS Tests.xctest";
			remoteRef = 12A8B4591C837A8E00FABC09 /* PBXContainerItemProxy */;
			sourceTree = BUILT_PRODUCTS_DIR;
		};
		12A8B45C1C837A8E00FABC09 /* SwiftyJSON.framework */ = {
			isa = PBXReferenceProxy;
			fileType = wrapper.framework;
			path = SwiftyJSON.framework;
			remoteRef = 12A8B45B1C837A8E00FABC09 /* PBXContainerItemProxy */;
			sourceTree = BUILT_PRODUCTS_DIR;
		};
		12A8B45E1C837A8E00FABC09 /* SwiftyJSON OSX Tests.xctest */ = {
			isa = PBXReferenceProxy;
			fileType = wrapper.cfbundle;
			path = "SwiftyJSON OSX Tests.xctest";
			remoteRef = 12A8B45D1C837A8E00FABC09 /* PBXContainerItemProxy */;
			sourceTree = BUILT_PRODUCTS_DIR;
		};
		12A8B4601C837A8E00FABC09 /* SwiftyJSON.framework */ = {
			isa = PBXReferenceProxy;
			fileType = wrapper.framework;
			path = SwiftyJSON.framework;
			remoteRef = 12A8B45F1C837A8E00FABC09 /* PBXContainerItemProxy */;
			sourceTree = BUILT_PRODUCTS_DIR;
		};
		12A8B4621C837A8E00FABC09 /* SwiftyJSON.framework */ = {
			isa = PBXReferenceProxy;
			fileType = wrapper.framework;
			path = SwiftyJSON.framework;
			remoteRef = 12A8B4611C837A8E00FABC09 /* PBXContainerItemProxy */;
			sourceTree = BUILT_PRODUCTS_DIR;
		};
		12A8B4641C837A8E00FABC09 /* SwiftyJSON tvOS Tests.xctest */ = {
			isa = PBXReferenceProxy;
			fileType = wrapper.cfbundle;
			path = "SwiftyJSON tvOS Tests.xctest";
			remoteRef = 12A8B4631C837A8E00FABC09 /* PBXContainerItemProxy */;
			sourceTree = BUILT_PRODUCTS_DIR;
		};
/* End PBXReferenceProxy section */

/* Begin PBXResourcesBuildPhase section */
		1243C7151C63A9B300ED236E /* Resources */ = {
			isa = PBXResourcesBuildPhase;
			buildActionMask = 2147483647;
			files = (
				12D35F8B1C88AEEB00B8F56D /* ConferenceDB.sqlite in Resources */,
				125A9E4D1C64B43000FE1461 /* images in Resources */,
				1243C7271C63A9B300ED236E /* LaunchScreen.storyboard in Resources */,
				1243C7241C63A9B300ED236E /* Assets.xcassets in Resources */,
				1243C7221C63A9B300ED236E /* Main.storyboard in Resources */,
			);
			runOnlyForDeploymentPostprocessing = 0;
		};
		1243C72B1C63A9B300ED236E /* Resources */ = {
			isa = PBXResourcesBuildPhase;
			buildActionMask = 2147483647;
			files = (
			);
			runOnlyForDeploymentPostprocessing = 0;
		};
		1243C7361C63A9B300ED236E /* Resources */ = {
			isa = PBXResourcesBuildPhase;
			buildActionMask = 2147483647;
			files = (
			);
			runOnlyForDeploymentPostprocessing = 0;
		};
/* End PBXResourcesBuildPhase section */

/* Begin PBXSourcesBuildPhase section */
		1243C7131C63A9B300ED236E /* Sources */ = {
			isa = PBXSourcesBuildPhase;
			buildActionMask = 2147483647;
			files = (
				12B1EBDA1C64E28E00E0723E /* NSDateExtension.swift in Sources */,
				12B1EBD81C64E12900E0723E /* MapsViewController.swift in Sources */,
				12D35F7E1C88AEE000B8F56D /* ClusterDataHelper.swift in Sources */,
				12B1EBD61C64E10500E0723E /* GeneralInformationViewController.swift in Sources */,
				12D35F811C88AEE000B8F56D /* ConnectionLayer.swift in Sources */,
				12300C461C68DA6000F1862A /* MapsPreludeController.swift in Sources */,
				12D35F891C88AEE000B8F56D /* SetDataManager.swift in Sources */,
				12D35F881C88AEE000B8F56D /* RoomDataHelper.swift in Sources */,
				12D35F871C88AEE000B8F56D /* ModelLayer.swift in Sources */,
				1243C71F1C63A9B300ED236E /* ProgramViewController.swift in Sources */,
				12D35F7F1C88AEE000B8F56D /* ComeFromDataHelper.swift in Sources */,
				12D35F831C88AEE000B8F56D /* DocDataHelper.swift in Sources */,
				1243C71B1C63A9B300ED236E /* AppDelegate.swift in Sources */,
				12D35F821C88AEE000B8F56D /* DataHelperProtocol.swift in Sources */,
				12D35F7D1C88AEE000B8F56D /* AuthorDataHelper.swift in Sources */,
				12D35F841C88AEE000B8F56D /* EventDataHelper.swift in Sources */,
				12D35F851C88AEE000B8F56D /* LocatedDataHelper.swift in Sources */,
				12D35F861C88AEE000B8F56D /* LocationDataHelper.swift in Sources */,
				12D35F7C1C88AEE000B8F56D /* AffiliationDataHelper.swift in Sources */,
				1243C71D1C63A9B300ED236E /* HomepageViewController.swift in Sources */,
				12D35F801C88AEE000B8F56D /* ConferenceDataHelper.swift in Sources */,
			);
			runOnlyForDeploymentPostprocessing = 0;
		};
		1243C7291C63A9B300ED236E /* Sources */ = {
			isa = PBXSourcesBuildPhase;
			buildActionMask = 2147483647;
			files = (
				1243C7321C63A9B300ED236E /* ConferenciaTests.swift in Sources */,
			);
			runOnlyForDeploymentPostprocessing = 0;
		};
		1243C7341C63A9B300ED236E /* Sources */ = {
			isa = PBXSourcesBuildPhase;
			buildActionMask = 2147483647;
			files = (
				1243C73D1C63A9B300ED236E /* ConferenciaUITests.swift in Sources */,
			);
			runOnlyForDeploymentPostprocessing = 0;
		};
/* End PBXSourcesBuildPhase section */

/* Begin PBXTargetDependency section */
		1243C72F1C63A9B300ED236E /* PBXTargetDependency */ = {
			isa = PBXTargetDependency;
			target = 1243C7161C63A9B300ED236E /* Conferencia */;
			targetProxy = 1243C72E1C63A9B300ED236E /* PBXContainerItemProxy */;
		};
		1243C73A1C63A9B300ED236E /* PBXTargetDependency */ = {
			isa = PBXTargetDependency;
			target = 1243C7161C63A9B300ED236E /* Conferencia */;
			targetProxy = 1243C7391C63A9B300ED236E /* PBXContainerItemProxy */;
		};
		12A8B41D1C8379F000FABC09 /* PBXTargetDependency */ = {
			isa = PBXTargetDependency;
			name = "Alamofire iOS";
			targetProxy = 12A8B41C1C8379F000FABC09 /* PBXContainerItemProxy */;
		};
		12A8B44C1C837A5000FABC09 /* PBXTargetDependency */ = {
			isa = PBXTargetDependency;
			name = "SQLite iOS";
			targetProxy = 12A8B44B1C837A5000FABC09 /* PBXContainerItemProxy */;
		};
		12A8B4681C837A9900FABC09 /* PBXTargetDependency */ = {
			isa = PBXTargetDependency;
			name = "SwiftyJSON iOS";
			targetProxy = 12A8B4671C837A9900FABC09 /* PBXContainerItemProxy */;
		};
/* End PBXTargetDependency section */

/* Begin PBXVariantGroup section */
		1243C7201C63A9B300ED236E /* Main.storyboard */ = {
			isa = PBXVariantGroup;
			children = (
				1243C7211C63A9B300ED236E /* Base */,
			);
			name = Main.storyboard;
			sourceTree = "<group>";
		};
		1243C7251C63A9B300ED236E /* LaunchScreen.storyboard */ = {
			isa = PBXVariantGroup;
			children = (
				1243C7261C63A9B300ED236E /* Base */,
			);
			name = LaunchScreen.storyboard;
			sourceTree = "<group>";
		};
/* End PBXVariantGroup section */

/* Begin XCBuildConfiguration section */
		1243C73F1C63A9B300ED236E /* Debug */ = {
			isa = XCBuildConfiguration;
			buildSettings = {
				ALWAYS_SEARCH_USER_PATHS = NO;
				CLANG_CXX_LANGUAGE_STANDARD = "gnu++0x";
				CLANG_CXX_LIBRARY = "libc++";
				CLANG_ENABLE_MODULES = YES;
				CLANG_ENABLE_OBJC_ARC = YES;
				CLANG_WARN_BOOL_CONVERSION = YES;
				CLANG_WARN_CONSTANT_CONVERSION = YES;
				CLANG_WARN_DIRECT_OBJC_ISA_USAGE = YES_ERROR;
				CLANG_WARN_EMPTY_BODY = YES;
				CLANG_WARN_ENUM_CONVERSION = YES;
				CLANG_WARN_INT_CONVERSION = YES;
				CLANG_WARN_OBJC_ROOT_CLASS = YES_ERROR;
				CLANG_WARN_UNREACHABLE_CODE = YES;
				CLANG_WARN__DUPLICATE_METHOD_MATCH = YES;
				"CODE_SIGN_IDENTITY[sdk=iphoneos*]" = "iPhone Developer";
				COPY_PHASE_STRIP = NO;
				DEBUG_INFORMATION_FORMAT = dwarf;
				ENABLE_STRICT_OBJC_MSGSEND = YES;
				ENABLE_TESTABILITY = YES;
				GCC_C_LANGUAGE_STANDARD = gnu99;
				GCC_DYNAMIC_NO_PIC = NO;
				GCC_NO_COMMON_BLOCKS = YES;
				GCC_OPTIMIZATION_LEVEL = 0;
				GCC_PREPROCESSOR_DEFINITIONS = (
					"DEBUG=1",
					"$(inherited)",
				);
				GCC_WARN_64_TO_32_BIT_CONVERSION = YES;
				GCC_WARN_ABOUT_RETURN_TYPE = YES_ERROR;
				GCC_WARN_UNDECLARED_SELECTOR = YES;
				GCC_WARN_UNINITIALIZED_AUTOS = YES_AGGRESSIVE;
				GCC_WARN_UNUSED_FUNCTION = YES;
				GCC_WARN_UNUSED_VARIABLE = YES;
				IPHONEOS_DEPLOYMENT_TARGET = 9.2;
				MTL_ENABLE_DEBUG_INFO = YES;
				ONLY_ACTIVE_ARCH = YES;
				SDKROOT = iphoneos;
				SWIFT_OPTIMIZATION_LEVEL = "-Onone";
				TARGETED_DEVICE_FAMILY = "1,2";
			};
			name = Debug;
		};
		1243C7401C63A9B300ED236E /* Release */ = {
			isa = XCBuildConfiguration;
			buildSettings = {
				ALWAYS_SEARCH_USER_PATHS = NO;
				CLANG_CXX_LANGUAGE_STANDARD = "gnu++0x";
				CLANG_CXX_LIBRARY = "libc++";
				CLANG_ENABLE_MODULES = YES;
				CLANG_ENABLE_OBJC_ARC = YES;
				CLANG_WARN_BOOL_CONVERSION = YES;
				CLANG_WARN_CONSTANT_CONVERSION = YES;
				CLANG_WARN_DIRECT_OBJC_ISA_USAGE = YES_ERROR;
				CLANG_WARN_EMPTY_BODY = YES;
				CLANG_WARN_ENUM_CONVERSION = YES;
				CLANG_WARN_INT_CONVERSION = YES;
				CLANG_WARN_OBJC_ROOT_CLASS = YES_ERROR;
				CLANG_WARN_UNREACHABLE_CODE = YES;
				CLANG_WARN__DUPLICATE_METHOD_MATCH = YES;
				"CODE_SIGN_IDENTITY[sdk=iphoneos*]" = "iPhone Developer";
				COPY_PHASE_STRIP = NO;
				DEBUG_INFORMATION_FORMAT = "dwarf-with-dsym";
				ENABLE_NS_ASSERTIONS = NO;
				ENABLE_STRICT_OBJC_MSGSEND = YES;
				GCC_C_LANGUAGE_STANDARD = gnu99;
				GCC_NO_COMMON_BLOCKS = YES;
				GCC_WARN_64_TO_32_BIT_CONVERSION = YES;
				GCC_WARN_ABOUT_RETURN_TYPE = YES_ERROR;
				GCC_WARN_UNDECLARED_SELECTOR = YES;
				GCC_WARN_UNINITIALIZED_AUTOS = YES_AGGRESSIVE;
				GCC_WARN_UNUSED_FUNCTION = YES;
				GCC_WARN_UNUSED_VARIABLE = YES;
				IPHONEOS_DEPLOYMENT_TARGET = 9.2;
				MTL_ENABLE_DEBUG_INFO = NO;
				SDKROOT = iphoneos;
				TARGETED_DEVICE_FAMILY = "1,2";
				VALIDATE_PRODUCT = YES;
			};
			name = Release;
		};
		1243C7421C63A9B300ED236E /* Debug */ = {
			isa = XCBuildConfiguration;
			buildSettings = {
				ASSETCATALOG_COMPILER_APPICON_NAME = AppIcon;
				EMBEDDED_CONTENT_CONTAINS_SWIFT = YES;
				INFOPLIST_FILE = Conferencia/Info.plist;
				IPHONEOS_DEPLOYMENT_TARGET = 9.1;
				LD_RUNPATH_SEARCH_PATHS = "$(inherited) @executable_path/Frameworks";
				PRODUCT_BUNDLE_IDENTIFIER = me.achan.Conferencia;
				PRODUCT_NAME = "$(TARGET_NAME)";
			};
			name = Debug;
		};
		1243C7431C63A9B300ED236E /* Release */ = {
			isa = XCBuildConfiguration;
			buildSettings = {
				ASSETCATALOG_COMPILER_APPICON_NAME = AppIcon;
				EMBEDDED_CONTENT_CONTAINS_SWIFT = YES;
				INFOPLIST_FILE = Conferencia/Info.plist;
				IPHONEOS_DEPLOYMENT_TARGET = 9.1;
				LD_RUNPATH_SEARCH_PATHS = "$(inherited) @executable_path/Frameworks";
				PRODUCT_BUNDLE_IDENTIFIER = me.achan.Conferencia;
				PRODUCT_NAME = "$(TARGET_NAME)";
			};
			name = Release;
		};
		1243C7451C63A9B300ED236E /* Debug */ = {
			isa = XCBuildConfiguration;
			buildSettings = {
				BUNDLE_LOADER = "$(TEST_HOST)";
				INFOPLIST_FILE = ConferenciaTests/Info.plist;
				LD_RUNPATH_SEARCH_PATHS = "$(inherited) @executable_path/Frameworks @loader_path/Frameworks";
				PRODUCT_BUNDLE_IDENTIFIER = me.achan.ConferenciaTests;
				PRODUCT_NAME = "$(TARGET_NAME)";
				TEST_HOST = "$(BUILT_PRODUCTS_DIR)/Conferencia.app/Conferencia";
			};
			name = Debug;
		};
		1243C7461C63A9B300ED236E /* Release */ = {
			isa = XCBuildConfiguration;
			buildSettings = {
				BUNDLE_LOADER = "$(TEST_HOST)";
				INFOPLIST_FILE = ConferenciaTests/Info.plist;
				LD_RUNPATH_SEARCH_PATHS = "$(inherited) @executable_path/Frameworks @loader_path/Frameworks";
				PRODUCT_BUNDLE_IDENTIFIER = me.achan.ConferenciaTests;
				PRODUCT_NAME = "$(TARGET_NAME)";
				TEST_HOST = "$(BUILT_PRODUCTS_DIR)/Conferencia.app/Conferencia";
			};
			name = Release;
		};
		1243C7481C63A9B300ED236E /* Debug */ = {
			isa = XCBuildConfiguration;
			buildSettings = {
				INFOPLIST_FILE = ConferenciaUITests/Info.plist;
				LD_RUNPATH_SEARCH_PATHS = "$(inherited) @executable_path/Frameworks @loader_path/Frameworks";
				PRODUCT_BUNDLE_IDENTIFIER = me.achan.ConferenciaUITests;
				PRODUCT_NAME = "$(TARGET_NAME)";
				TEST_TARGET_NAME = Conferencia;
				USES_XCTRUNNER = YES;
			};
			name = Debug;
		};
		1243C7491C63A9B300ED236E /* Release */ = {
			isa = XCBuildConfiguration;
			buildSettings = {
				INFOPLIST_FILE = ConferenciaUITests/Info.plist;
				LD_RUNPATH_SEARCH_PATHS = "$(inherited) @executable_path/Frameworks @loader_path/Frameworks";
				PRODUCT_BUNDLE_IDENTIFIER = me.achan.ConferenciaUITests;
				PRODUCT_NAME = "$(TARGET_NAME)";
				TEST_TARGET_NAME = Conferencia;
				USES_XCTRUNNER = YES;
			};
			name = Release;
		};
/* End XCBuildConfiguration section */

/* Begin XCConfigurationList section */
		1243C7121C63A9B300ED236E /* Build configuration list for PBXProject "Conferencia" */ = {
			isa = XCConfigurationList;
			buildConfigurations = (
				1243C73F1C63A9B300ED236E /* Debug */,
				1243C7401C63A9B300ED236E /* Release */,
			);
			defaultConfigurationIsVisible = 0;
			defaultConfigurationName = Release;
		};
		1243C7411C63A9B300ED236E /* Build configuration list for PBXNativeTarget "Conferencia" */ = {
			isa = XCConfigurationList;
			buildConfigurations = (
				1243C7421C63A9B300ED236E /* Debug */,
				1243C7431C63A9B300ED236E /* Release */,
			);
			defaultConfigurationIsVisible = 0;
			defaultConfigurationName = Release;
		};
		1243C7441C63A9B300ED236E /* Build configuration list for PBXNativeTarget "ConferenciaTests" */ = {
			isa = XCConfigurationList;
			buildConfigurations = (
				1243C7451C63A9B300ED236E /* Debug */,
				1243C7461C63A9B300ED236E /* Release */,
			);
			defaultConfigurationIsVisible = 0;
			defaultConfigurationName = Release;
		};
		1243C7471C63A9B300ED236E /* Build configuration list for PBXNativeTarget "ConferenciaUITests" */ = {
			isa = XCConfigurationList;
			buildConfigurations = (
				1243C7481C63A9B300ED236E /* Debug */,
				1243C7491C63A9B300ED236E /* Release */,
			);
			defaultConfigurationIsVisible = 0;
			defaultConfigurationName = Release;
		};
/* End XCConfigurationList section */
	};
	rootObject = 1243C70F1C63A9B300ED236E /* Project object */;
}
